// !$*UTF8*$!
{
	archiveVersion = 1;
	classes = {
	};
	objectVersion = 77;
	objects = {

/* Begin PBXBuildFile section */
		C54436322DC890E400A97F0A /* GoogleSignIn in Frameworks */ = {isa = PBXBuildFile; productRef = C54436312DC890E400A97F0A /* GoogleSignIn */; };
		C54436342DC890E400A97F0A /* GoogleSignInSwift in Frameworks */ = {isa = PBXBuildFile; productRef = C54436332DC890E400A97F0A /* GoogleSignInSwift */; };
		C54436362DC891A200A97F0A /* GoogleService-Info.plist in Resources */ = {isa = PBXBuildFile; fileRef = C54436352DC891A200A97F0A /* GoogleService-Info.plist */; };
		C5ABC3FD2DC84C8200212E7B /* FirebaseAnalyticsWithoutAdIdSupport in Frameworks */ = {isa = PBXBuildFile; productRef = C5ABC3FC2DC84C8200212E7B /* FirebaseAnalyticsWithoutAdIdSupport */; };
		C5ABC3FF2DC84C8200212E7B /* FirebaseAppCheck in Frameworks */ = {isa = PBXBuildFile; productRef = C5ABC3FE2DC84C8200212E7B /* FirebaseAppCheck */; };
		C5ABC4022DC84C9000212E7B /* FirebaseAuth in Frameworks */ = {isa = PBXBuildFile; productRef = C5ABC4012DC84C9000212E7B /* FirebaseAuth */; };
/* End PBXBuildFile section */

/* Begin PBXContainerItemProxy section */
		C50494612DC07A1A00360A7B /* PBXContainerItemProxy */ = {
			isa = PBXContainerItemProxy;
			containerPortal = C50494482DC07A1700360A7B /* Project object */;
			proxyType = 1;
			remoteGlobalIDString = C504944F2DC07A1700360A7B;
			remoteInfo = TradePlace;
		};
		C504946B2DC07A1A00360A7B /* PBXContainerItemProxy */ = {
			isa = PBXContainerItemProxy;
			containerPortal = C50494482DC07A1700360A7B /* Project object */;
			proxyType = 1;
			remoteGlobalIDString = C504944F2DC07A1700360A7B;
			remoteInfo = TradePlace;
		};
/* End PBXContainerItemProxy section */

/* Begin PBXFileReference section */
		C50494502DC07A1700360A7B /* TradePlace.app */ = {isa = PBXFileReference; explicitFileType = wrapper.application; includeInIndex = 0; path = TradePlace.app; sourceTree = BUILT_PRODUCTS_DIR; };
		C50494602DC07A1A00360A7B /* TradePlaceTests.xctest */ = {isa = PBXFileReference; explicitFileType = wrapper.cfbundle; includeInIndex = 0; path = TradePlaceTests.xctest; sourceTree = BUILT_PRODUCTS_DIR; };
		C504946A2DC07A1A00360A7B /* TradePlaceUITests.xctest */ = {isa = PBXFileReference; explicitFileType = wrapper.cfbundle; includeInIndex = 0; path = TradePlaceUITests.xctest; sourceTree = BUILT_PRODUCTS_DIR; };
		C54436352DC891A200A97F0A /* GoogleService-Info.plist */ = {isa = PBXFileReference; lastKnownFileType = text.plist.xml; path = "GoogleService-Info.plist"; sourceTree = "<group>"; };
/* End PBXFileReference section */

/* Begin PBXFileSystemSynchronizedBuildFileExceptionSet section */
		C54436382DC891C000A97F0A /* Exceptions for "TradePlace" folder in "TradePlace" target */ = {
			isa = PBXFileSystemSynchronizedBuildFileExceptionSet;
			membershipExceptions = (
				Info.plist,
			);
			target = C504944F2DC07A1700360A7B /* TradePlace */;
		};
/* End PBXFileSystemSynchronizedBuildFileExceptionSet section */

/* Begin PBXFileSystemSynchronizedRootGroup section */
		C50494522DC07A1700360A7B /* TradePlace */ = {
			isa = PBXFileSystemSynchronizedRootGroup;
			exceptions = (
				C54436382DC891C000A97F0A /* Exceptions for "TradePlace" folder in "TradePlace" target */,
			);
			path = TradePlace;
			sourceTree = "<group>";
		};
		C50494632DC07A1A00360A7B /* TradePlaceTests */ = {
			isa = PBXFileSystemSynchronizedRootGroup;
			path = TradePlaceTests;
			sourceTree = "<group>";
		};
		C504946D2DC07A1A00360A7B /* TradePlaceUITests */ = {
			isa = PBXFileSystemSynchronizedRootGroup;
			path = TradePlaceUITests;
			sourceTree = "<group>";
		};
/* End PBXFileSystemSynchronizedRootGroup section */

/* Begin PBXFrameworksBuildPhase section */
		C504944D2DC07A1700360A7B /* Frameworks */ = {
			isa = PBXFrameworksBuildPhase;
			buildActionMask = 2147483647;
			files = (
				C54436342DC890E400A97F0A /* GoogleSignInSwift in Frameworks */,
				C5ABC3FF2DC84C8200212E7B /* FirebaseAppCheck in Frameworks */,
				C54436322DC890E400A97F0A /* GoogleSignIn in Frameworks */,
				C5ABC4022DC84C9000212E7B /* FirebaseAuth in Frameworks */,
				C5ABC3FD2DC84C8200212E7B /* FirebaseAnalyticsWithoutAdIdSupport in Frameworks */,
			);
			runOnlyForDeploymentPostprocessing = 0;
		};
		C504945D2DC07A1A00360A7B /* Frameworks */ = {
			isa = PBXFrameworksBuildPhase;
			buildActionMask = 2147483647;
			files = (
			);
			runOnlyForDeploymentPostprocessing = 0;
		};
		C50494672DC07A1A00360A7B /* Frameworks */ = {
			isa = PBXFrameworksBuildPhase;
			buildActionMask = 2147483647;
			files = (
			);
			runOnlyForDeploymentPostprocessing = 0;
		};
/* End PBXFrameworksBuildPhase section */

/* Begin PBXGroup section */
		C50494472DC07A1700360A7B = {
			isa = PBXGroup;
			children = (
				C50494522DC07A1700360A7B /* TradePlace */,
				C50494632DC07A1A00360A7B /* TradePlaceTests */,
				C504946D2DC07A1A00360A7B /* TradePlaceUITests */,
				C5ABC4002DC84C9000212E7B /* Frameworks */,
				C50494512DC07A1700360A7B /* Products */,
				C54436352DC891A200A97F0A /* GoogleService-Info.plist */,
			);
			sourceTree = "<group>";
		};
		C50494512DC07A1700360A7B /* Products */ = {
			isa = PBXGroup;
			children = (
				C50494502DC07A1700360A7B /* TradePlace.app */,
				C50494602DC07A1A00360A7B /* TradePlaceTests.xctest */,
				C504946A2DC07A1A00360A7B /* TradePlaceUITests.xctest */,
			);
			name = Products;
			sourceTree = "<group>";
		};
		C5ABC4002DC84C9000212E7B /* Frameworks */ = {
			isa = PBXGroup;
			children = (
			);
			name = Frameworks;
			sourceTree = "<group>";
		};
/* End PBXGroup section */

/* Begin PBXNativeTarget section */
		C504944F2DC07A1700360A7B /* TradePlace */ = {
			isa = PBXNativeTarget;
			buildConfigurationList = C50494742DC07A1A00360A7B /* Build configuration list for PBXNativeTarget "TradePlace" */;
			buildPhases = (
				C504944C2DC07A1700360A7B /* Sources */,
				C504944D2DC07A1700360A7B /* Frameworks */,
				C504944E2DC07A1700360A7B /* Resources */,
			);
			buildRules = (
			);
			dependencies = (
			);
			fileSystemSynchronizedGroups = (
				C50494522DC07A1700360A7B /* TradePlace */,
			);
			name = TradePlace;
			packageProductDependencies = (
				C5ABC3FC2DC84C8200212E7B /* FirebaseAnalyticsWithoutAdIdSupport */,
				C5ABC3FE2DC84C8200212E7B /* FirebaseAppCheck */,
				C5ABC4012DC84C9000212E7B /* FirebaseAuth */,
				C54436312DC890E400A97F0A /* GoogleSignIn */,
				C54436332DC890E400A97F0A /* GoogleSignInSwift */,
			);
			productName = TradePlace;
			productReference = C50494502DC07A1700360A7B /* TradePlace.app */;
			productType = "com.apple.product-type.application";
		};
		C504945F2DC07A1A00360A7B /* TradePlaceTests */ = {
			isa = PBXNativeTarget;
			buildConfigurationList = C50494772DC07A1A00360A7B /* Build configuration list for PBXNativeTarget "TradePlaceTests" */;
			buildPhases = (
				C504945C2DC07A1A00360A7B /* Sources */,
				C504945D2DC07A1A00360A7B /* Frameworks */,
				C504945E2DC07A1A00360A7B /* Resources */,
			);
			buildRules = (
			);
			dependencies = (
				C50494622DC07A1A00360A7B /* PBXTargetDependency */,
			);
			fileSystemSynchronizedGroups = (
				C50494632DC07A1A00360A7B /* TradePlaceTests */,
			);
			name = TradePlaceTests;
			packageProductDependencies = (
			);
			productName = TradePlaceTests;
			productReference = C50494602DC07A1A00360A7B /* TradePlaceTests.xctest */;
			productType = "com.apple.product-type.bundle.unit-test";
		};
		C50494692DC07A1A00360A7B /* TradePlaceUITests */ = {
			isa = PBXNativeTarget;
			buildConfigurationList = C504947A2DC07A1A00360A7B /* Build configuration list for PBXNativeTarget "TradePlaceUITests" */;
			buildPhases = (
				C50494662DC07A1A00360A7B /* Sources */,
				C50494672DC07A1A00360A7B /* Frameworks */,
				C50494682DC07A1A00360A7B /* Resources */,
			);
			buildRules = (
			);
			dependencies = (
				C504946C2DC07A1A00360A7B /* PBXTargetDependency */,
			);
			fileSystemSynchronizedGroups = (
				C504946D2DC07A1A00360A7B /* TradePlaceUITests */,
			);
			name = TradePlaceUITests;
			packageProductDependencies = (
			);
			productName = TradePlaceUITests;
			productReference = C504946A2DC07A1A00360A7B /* TradePlaceUITests.xctest */;
			productType = "com.apple.product-type.bundle.ui-testing";
		};
/* End PBXNativeTarget section */

/* Begin PBXProject section */
		C50494482DC07A1700360A7B /* Project object */ = {
			isa = PBXProject;
			attributes = {
				BuildIndependentTargetsInParallel = 1;
				LastSwiftUpdateCheck = 1620;
				LastUpgradeCheck = 1620;
				TargetAttributes = {
					C504944F2DC07A1700360A7B = {
						CreatedOnToolsVersion = 16.2;
					};
					C504945F2DC07A1A00360A7B = {
						CreatedOnToolsVersion = 16.2;
						TestTargetID = C504944F2DC07A1700360A7B;
					};
					C50494692DC07A1A00360A7B = {
						CreatedOnToolsVersion = 16.2;
						TestTargetID = C504944F2DC07A1700360A7B;
					};
				};
			};
			buildConfigurationList = C504944B2DC07A1700360A7B /* Build configuration list for PBXProject "TradePlace" */;
			developmentRegion = en;
			hasScannedForEncodings = 0;
			knownRegions = (
				en,
				Base,
			);
			mainGroup = C50494472DC07A1700360A7B;
			minimizedProjectReferenceProxies = 1;
			packageReferences = (
				C5ABC3FB2DC84C8200212E7B /* XCRemoteSwiftPackageReference "firebase-ios-sdk" */,
				C54436302DC890E400A97F0A /* XCRemoteSwiftPackageReference "GoogleSignIn-iOS" */,
			);
			preferredProjectObjectVersion = 77;
			productRefGroup = C50494512DC07A1700360A7B /* Products */;
			projectDirPath = "";
			projectRoot = "";
			targets = (
				C504944F2DC07A1700360A7B /* TradePlace */,
				C504945F2DC07A1A00360A7B /* TradePlaceTests */,
				C50494692DC07A1A00360A7B /* TradePlaceUITests */,
			);
		};
/* End PBXProject section */

/* Begin PBXResourcesBuildPhase section */
		C504944E2DC07A1700360A7B /* Resources */ = {
			isa = PBXResourcesBuildPhase;
			buildActionMask = 2147483647;
			files = (
				C54436362DC891A200A97F0A /* GoogleService-Info.plist in Resources */,
			);
			runOnlyForDeploymentPostprocessing = 0;
		};
		C504945E2DC07A1A00360A7B /* Resources */ = {
			isa = PBXResourcesBuildPhase;
			buildActionMask = 2147483647;
			files = (
			);
			runOnlyForDeploymentPostprocessing = 0;
		};
		C50494682DC07A1A00360A7B /* Resources */ = {
			isa = PBXResourcesBuildPhase;
			buildActionMask = 2147483647;
			files = (
			);
			runOnlyForDeploymentPostprocessing = 0;
		};
/* End PBXResourcesBuildPhase section */

/* Begin PBXSourcesBuildPhase section */
		C504944C2DC07A1700360A7B /* Sources */ = {
			isa = PBXSourcesBuildPhase;
			buildActionMask = 2147483647;
			files = (
			);
			runOnlyForDeploymentPostprocessing = 0;
		};
		C504945C2DC07A1A00360A7B /* Sources */ = {
			isa = PBXSourcesBuildPhase;
			buildActionMask = 2147483647;
			files = (
			);
			runOnlyForDeploymentPostprocessing = 0;
		};
		C50494662DC07A1A00360A7B /* Sources */ = {
			isa = PBXSourcesBuildPhase;
			buildActionMask = 2147483647;
			files = (
			);
			runOnlyForDeploymentPostprocessing = 0;
		};
/* End PBXSourcesBuildPhase section */

/* Begin PBXTargetDependency section */
		C50494622DC07A1A00360A7B /* PBXTargetDependency */ = {
			isa = PBXTargetDependency;
			target = C504944F2DC07A1700360A7B /* TradePlace */;
			targetProxy = C50494612DC07A1A00360A7B /* PBXContainerItemProxy */;
		};
		C504946C2DC07A1A00360A7B /* PBXTargetDependency */ = {
			isa = PBXTargetDependency;
			target = C504944F2DC07A1700360A7B /* TradePlace */;
			targetProxy = C504946B2DC07A1A00360A7B /* PBXContainerItemProxy */;
		};
/* End PBXTargetDependency section */

/* Begin XCBuildConfiguration section */
		C50494722DC07A1A00360A7B /* Debug */ = {
			isa = XCBuildConfiguration;
			buildSettings = {
				ALWAYS_SEARCH_USER_PATHS = NO;
				ASSETCATALOG_COMPILER_GENERATE_SWIFT_ASSET_SYMBOL_EXTENSIONS = YES;
				CLANG_ANALYZER_NONNULL = YES;
				CLANG_ANALYZER_NUMBER_OBJECT_CONVERSION = YES_AGGRESSIVE;
				CLANG_CXX_LANGUAGE_STANDARD = "gnu++20";
				CLANG_ENABLE_MODULES = YES;
				CLANG_ENABLE_OBJC_ARC = YES;
				CLANG_ENABLE_OBJC_WEAK = YES;
				CLANG_WARN_BLOCK_CAPTURE_AUTORELEASING = YES;
				CLANG_WARN_BOOL_CONVERSION = YES;
				CLANG_WARN_COMMA = YES;
				CLANG_WARN_CONSTANT_CONVERSION = YES;
				CLANG_WARN_DEPRECATED_OBJC_IMPLEMENTATIONS = YES;
				CLANG_WARN_DIRECT_OBJC_ISA_USAGE = YES_ERROR;
				CLANG_WARN_DOCUMENTATION_COMMENTS = YES;
				CLANG_WARN_EMPTY_BODY = YES;
				CLANG_WARN_ENUM_CONVERSION = YES;
				CLANG_WARN_INFINITE_RECURSION = YES;
				CLANG_WARN_INT_CONVERSION = YES;
				CLANG_WARN_NON_LITERAL_NULL_CONVERSION = YES;
				CLANG_WARN_OBJC_IMPLICIT_RETAIN_SELF = YES;
				CLANG_WARN_OBJC_LITERAL_CONVERSION = YES;
				CLANG_WARN_OBJC_ROOT_CLASS = YES_ERROR;
				CLANG_WARN_QUOTED_INCLUDE_IN_FRAMEWORK_HEADER = YES;
				CLANG_WARN_RANGE_LOOP_ANALYSIS = YES;
				CLANG_WARN_STRICT_PROTOTYPES = YES;
				CLANG_WARN_SUSPICIOUS_MOVE = YES;
				CLANG_WARN_UNGUARDED_AVAILABILITY = YES_AGGRESSIVE;
				CLANG_WARN_UNREACHABLE_CODE = YES;
				CLANG_WARN__DUPLICATE_METHOD_MATCH = YES;
				COPY_PHASE_STRIP = NO;
				DEBUG_INFORMATION_FORMAT = dwarf;
				ENABLE_STRICT_OBJC_MSGSEND = YES;
				ENABLE_TESTABILITY = YES;
				ENABLE_USER_SCRIPT_SANDBOXING = YES;
				GCC_C_LANGUAGE_STANDARD = gnu17;
				GCC_DYNAMIC_NO_PIC = NO;
				GCC_NO_COMMON_BLOCKS = YES;
				GCC_OPTIMIZATION_LEVEL = 0;
				GCC_PREPROCESSOR_DEFINITIONS = (
					"DEBUG=1",
					"$(inherited)",
				);
				GCC_WARN_64_TO_32_BIT_CONVERSION = YES;
				GCC_WARN_ABOUT_RETURN_TYPE = YES_ERROR;
				GCC_WARN_UNDECLARED_SELECTOR = YES;
				GCC_WARN_UNINITIALIZED_AUTOS = YES_AGGRESSIVE;
				GCC_WARN_UNUSED_FUNCTION = YES;
				GCC_WARN_UNUSED_VARIABLE = YES;
				IPHONEOS_DEPLOYMENT_TARGET = 18.2;
				LOCALIZATION_PREFERS_STRING_CATALOGS = YES;
				MTL_ENABLE_DEBUG_INFO = INCLUDE_SOURCE;
				MTL_FAST_MATH = YES;
				ONLY_ACTIVE_ARCH = YES;
				SDKROOT = iphoneos;
				SWIFT_ACTIVE_COMPILATION_CONDITIONS = "DEBUG $(inherited)";
				SWIFT_OPTIMIZATION_LEVEL = "-Onone";
			};
			name = Debug;
		};
		C50494732DC07A1A00360A7B /* Release */ = {
			isa = XCBuildConfiguration;
			buildSettings = {
				ALWAYS_SEARCH_USER_PATHS = NO;
				ASSETCATALOG_COMPILER_GENERATE_SWIFT_ASSET_SYMBOL_EXTENSIONS = YES;
				CLANG_ANALYZER_NONNULL = YES;
				CLANG_ANALYZER_NUMBER_OBJECT_CONVERSION = YES_AGGRESSIVE;
				CLANG_CXX_LANGUAGE_STANDARD = "gnu++20";
				CLANG_ENABLE_MODULES = YES;
				CLANG_ENABLE_OBJC_ARC = YES;
				CLANG_ENABLE_OBJC_WEAK = YES;
				CLANG_WARN_BLOCK_CAPTURE_AUTORELEASING = YES;
				CLANG_WARN_BOOL_CONVERSION = YES;
				CLANG_WARN_COMMA = YES;
				CLANG_WARN_CONSTANT_CONVERSION = YES;
				CLANG_WARN_DEPRECATED_OBJC_IMPLEMENTATIONS = YES;
				CLANG_WARN_DIRECT_OBJC_ISA_USAGE = YES_ERROR;
				CLANG_WARN_DOCUMENTATION_COMMENTS = YES;
				CLANG_WARN_EMPTY_BODY = YES;
				CLANG_WARN_ENUM_CONVERSION = YES;
				CLANG_WARN_INFINITE_RECURSION = YES;
				CLANG_WARN_INT_CONVERSION = YES;
				CLANG_WARN_NON_LITERAL_NULL_CONVERSION = YES;
				CLANG_WARN_OBJC_IMPLICIT_RETAIN_SELF = YES;
				CLANG_WARN_OBJC_LITERAL_CONVERSION = YES;
				CLANG_WARN_OBJC_ROOT_CLASS = YES_ERROR;
				CLANG_WARN_QUOTED_INCLUDE_IN_FRAMEWORK_HEADER = YES;
				CLANG_WARN_RANGE_LOOP_ANALYSIS = YES;
				CLANG_WARN_STRICT_PROTOTYPES = YES;
				CLANG_WARN_SUSPICIOUS_MOVE = YES;
				CLANG_WARN_UNGUARDED_AVAILABILITY = YES_AGGRESSIVE;
				CLANG_WARN_UNREACHABLE_CODE = YES;
				CLANG_WARN__DUPLICATE_METHOD_MATCH = YES;
				COPY_PHASE_STRIP = NO;
				DEBUG_INFORMATION_FORMAT = "dwarf-with-dsym";
				ENABLE_NS_ASSERTIONS = NO;
				ENABLE_STRICT_OBJC_MSGSEND = YES;
				ENABLE_USER_SCRIPT_SANDBOXING = YES;
				GCC_C_LANGUAGE_STANDARD = gnu17;
				GCC_NO_COMMON_BLOCKS = YES;
				GCC_WARN_64_TO_32_BIT_CONVERSION = YES;
				GCC_WARN_ABOUT_RETURN_TYPE = YES_ERROR;
				GCC_WARN_UNDECLARED_SELECTOR = YES;
				GCC_WARN_UNINITIALIZED_AUTOS = YES_AGGRESSIVE;
				GCC_WARN_UNUSED_FUNCTION = YES;
				GCC_WARN_UNUSED_VARIABLE = YES;
				IPHONEOS_DEPLOYMENT_TARGET = 18.2;
				LOCALIZATION_PREFERS_STRING_CATALOGS = YES;
				MTL_ENABLE_DEBUG_INFO = NO;
				MTL_FAST_MATH = YES;
				SDKROOT = iphoneos;
				SWIFT_COMPILATION_MODE = wholemodule;
				VALIDATE_PRODUCT = YES;
			};
			name = Release;
		};
		C50494752DC07A1A00360A7B /* Debug */ = {
			isa = XCBuildConfiguration;
			buildSettings = {
				ASSETCATALOG_COMPILER_APPICON_NAME = AppIcon;
				ASSETCATALOG_COMPILER_GLOBAL_ACCENT_COLOR_NAME = AccentColor;
				CODE_SIGN_STYLE = Automatic;
				CURRENT_PROJECT_VERSION = 1;
				DEVELOPMENT_ASSET_PATHS = "\"TradePlace/Preview Content\"";
				ENABLE_PREVIEWS = YES;
				GENERATE_INFOPLIST_FILE = YES;
				INFOPLIST_FILE = TradePlace/Info.plist;
				INFOPLIST_KEY_UIApplicationSceneManifest_Generation = YES;
				INFOPLIST_KEY_UIApplicationSupportsIndirectInputEvents = YES;
				INFOPLIST_KEY_UILaunchScreen_Generation = YES;
				INFOPLIST_KEY_UISupportedInterfaceOrientations_iPad = "UIInterfaceOrientationPortrait UIInterfaceOrientationPortraitUpsideDown UIInterfaceOrientationLandscapeLeft UIInterfaceOrientationLandscapeRight";
				INFOPLIST_KEY_UISupportedInterfaceOrientations_iPhone = "UIInterfaceOrientationPortrait UIInterfaceOrientationLandscapeLeft UIInterfaceOrientationLandscapeRight";
				LD_RUNPATH_SEARCH_PATHS = (
					"$(inherited)",
					"@executable_path/Frameworks",
				);
				MARKETING_VERSION = 1.0;
				PRODUCT_BUNDLE_IDENTIFIER = uts.TradePlace;
				PRODUCT_NAME = "$(TARGET_NAME)";
				SWIFT_EMIT_LOC_STRINGS = YES;
				SWIFT_VERSION = 5.0;
				TARGETED_DEVICE_FAMILY = "1,2";
			};
			name = Debug;
		};
		C50494762DC07A1A00360A7B /* Release */ = {
			isa = XCBuildConfiguration;
			buildSettings = {
				ASSETCATALOG_COMPILER_APPICON_NAME = AppIcon;
				ASSETCATALOG_COMPILER_GLOBAL_ACCENT_COLOR_NAME = AccentColor;
				CODE_SIGN_STYLE = Automatic;
				CURRENT_PROJECT_VERSION = 1;
				DEVELOPMENT_ASSET_PATHS = "\"TradePlace/Preview Content\"";
				ENABLE_PREVIEWS = YES;
				GENERATE_INFOPLIST_FILE = YES;
				INFOPLIST_FILE = TradePlace/Info.plist;
				INFOPLIST_KEY_UIApplicationSceneManifest_Generation = YES;
				INFOPLIST_KEY_UIApplicationSupportsIndirectInputEvents = YES;
				INFOPLIST_KEY_UILaunchScreen_Generation = YES;
				INFOPLIST_KEY_UISupportedInterfaceOrientations_iPad = "UIInterfaceOrientationPortrait UIInterfaceOrientationPortraitUpsideDown UIInterfaceOrientationLandscapeLeft UIInterfaceOrientationLandscapeRight";
				INFOPLIST_KEY_UISupportedInterfaceOrientations_iPhone = "UIInterfaceOrientationPortrait UIInterfaceOrientationLandscapeLeft UIInterfaceOrientationLandscapeRight";
				LD_RUNPATH_SEARCH_PATHS = (
					"$(inherited)",
					"@executable_path/Frameworks",
				);
				MARKETING_VERSION = 1.0;
				PRODUCT_BUNDLE_IDENTIFIER = uts.TradePlace;
				PRODUCT_NAME = "$(TARGET_NAME)";
				SWIFT_EMIT_LOC_STRINGS = YES;
				SWIFT_VERSION = 5.0;
				TARGETED_DEVICE_FAMILY = "1,2";
			};
			name = Release;
		};
		C50494782DC07A1A00360A7B /* Debug */ = {
			isa = XCBuildConfiguration;
			buildSettings = {
				BUNDLE_LOADER = "$(TEST_HOST)";
				CODE_SIGN_STYLE = Automatic;
				CURRENT_PROJECT_VERSION = 1;
				GENERATE_INFOPLIST_FILE = YES;
				IPHONEOS_DEPLOYMENT_TARGET = 18.2;
				MARKETING_VERSION = 1.0;
				PRODUCT_BUNDLE_IDENTIFIER = uts.TradePlaceTests;
				PRODUCT_NAME = "$(TARGET_NAME)";
				SWIFT_EMIT_LOC_STRINGS = NO;
				SWIFT_VERSION = 5.0;
				TARGETED_DEVICE_FAMILY = "1,2";
				TEST_HOST = "$(BUILT_PRODUCTS_DIR)/TradePlace.app/$(BUNDLE_EXECUTABLE_FOLDER_PATH)/TradePlace";
			};
			name = Debug;
		};
		C50494792DC07A1A00360A7B /* Release */ = {
			isa = XCBuildConfiguration;
			buildSettings = {
				BUNDLE_LOADER = "$(TEST_HOST)";
				CODE_SIGN_STYLE = Automatic;
				CURRENT_PROJECT_VERSION = 1;
				GENERATE_INFOPLIST_FILE = YES;
				IPHONEOS_DEPLOYMENT_TARGET = 18.2;
				MARKETING_VERSION = 1.0;
				PRODUCT_BUNDLE_IDENTIFIER = uts.TradePlaceTests;
				PRODUCT_NAME = "$(TARGET_NAME)";
				SWIFT_EMIT_LOC_STRINGS = NO;
				SWIFT_VERSION = 5.0;
				TARGETED_DEVICE_FAMILY = "1,2";
				TEST_HOST = "$(BUILT_PRODUCTS_DIR)/TradePlace.app/$(BUNDLE_EXECUTABLE_FOLDER_PATH)/TradePlace";
			};
			name = Release;
		};
		C504947B2DC07A1A00360A7B /* Debug */ = {
			isa = XCBuildConfiguration;
			buildSettings = {
				CODE_SIGN_STYLE = Automatic;
				CURRENT_PROJECT_VERSION = 1;
				GENERATE_INFOPLIST_FILE = YES;
				MARKETING_VERSION = 1.0;
				PRODUCT_BUNDLE_IDENTIFIER = uts.TradePlaceUITests;
				PRODUCT_NAME = "$(TARGET_NAME)";
				SWIFT_EMIT_LOC_STRINGS = NO;
				SWIFT_VERSION = 5.0;
				TARGETED_DEVICE_FAMILY = "1,2";
				TEST_TARGET_NAME = TradePlace;
			};
			name = Debug;
		};
		C504947C2DC07A1A00360A7B /* Release */ = {
			isa = XCBuildConfiguration;
			buildSettings = {
				CODE_SIGN_STYLE = Automatic;
				CURRENT_PROJECT_VERSION = 1;
				GENERATE_INFOPLIST_FILE = YES;
				MARKETING_VERSION = 1.0;
				PRODUCT_BUNDLE_IDENTIFIER = uts.TradePlaceUITests;
				PRODUCT_NAME = "$(TARGET_NAME)";
				SWIFT_EMIT_LOC_STRINGS = NO;
				SWIFT_VERSION = 5.0;
				TARGETED_DEVICE_FAMILY = "1,2";
				TEST_TARGET_NAME = TradePlace;
			};
			name = Release;
		};
/* End XCBuildConfiguration section */

/* Begin XCConfigurationList section */
		C504944B2DC07A1700360A7B /* Build configuration list for PBXProject "TradePlace" */ = {
			isa = XCConfigurationList;
			buildConfigurations = (
				C50494722DC07A1A00360A7B /* Debug */,
				C50494732DC07A1A00360A7B /* Release */,
			);
			defaultConfigurationIsVisible = 0;
			defaultConfigurationName = Release;
		};
		C50494742DC07A1A00360A7B /* Build configuration list for PBXNativeTarget "TradePlace" */ = {
			isa = XCConfigurationList;
			buildConfigurations = (
				C50494752DC07A1A00360A7B /* Debug */,
				C50494762DC07A1A00360A7B /* Release */,
			);
			defaultConfigurationIsVisible = 0;
			defaultConfigurationName = Release;
		};
		C50494772DC07A1A00360A7B /* Build configuration list for PBXNativeTarget "TradePlaceTests" */ = {
			isa = XCConfigurationList;
			buildConfigurations = (
				C50494782DC07A1A00360A7B /* Debug */,
				C50494792DC07A1A00360A7B /* Release */,
			);
			defaultConfigurationIsVisible = 0;
			defaultConfigurationName = Release;
		};
		C504947A2DC07A1A00360A7B /* Build configuration list for PBXNativeTarget "TradePlaceUITests" */ = {
			isa = XCConfigurationList;
			buildConfigurations = (
				C504947B2DC07A1A00360A7B /* Debug */,
				C504947C2DC07A1A00360A7B /* Release */,
			);
			defaultConfigurationIsVisible = 0;
			defaultConfigurationName = Release;
		};
/* End XCConfigurationList section */

/* Begin XCRemoteSwiftPackageReference section */
		C54436302DC890E400A97F0A /* XCRemoteSwiftPackageReference "GoogleSignIn-iOS" */ = {
			isa = XCRemoteSwiftPackageReference;
			repositoryURL = "https://github.com/google/GoogleSignIn-iOS";
			requirement = {
				kind = upToNextMajorVersion;
				minimumVersion = 8.0.0;
			};
		};
		C5ABC3FB2DC84C8200212E7B /* XCRemoteSwiftPackageReference "firebase-ios-sdk" */ = {
			isa = XCRemoteSwiftPackageReference;
			repositoryURL = "https://github.com/firebase/firebase-ios-sdk.git";
			requirement = {
				kind = upToNextMajorVersion;
				minimumVersion = 11.12.0;
			};
		};
/* End XCRemoteSwiftPackageReference section */

/* Begin XCSwiftPackageProductDependency section */
		C54436312DC890E400A97F0A /* GoogleSignIn */ = {
			isa = XCSwiftPackageProductDependency;
			package = C54436302DC890E400A97F0A /* XCRemoteSwiftPackageReference "GoogleSignIn-iOS" */;
			productName = GoogleSignIn;
		};
		C54436332DC890E400A97F0A /* GoogleSignInSwift */ = {
			isa = XCSwiftPackageProductDependency;
			package = C54436302DC890E400A97F0A /* XCRemoteSwiftPackageReference "GoogleSignIn-iOS" */;
			productName = GoogleSignInSwift;
		};
		C5ABC3FC2DC84C8200212E7B /* FirebaseAnalyticsWithoutAdIdSupport */ = {
			isa = XCSwiftPackageProductDependency;
			package = C5ABC3FB2DC84C8200212E7B /* XCRemoteSwiftPackageReference "firebase-ios-sdk" */;
			productName = FirebaseAnalyticsWithoutAdIdSupport;
		};
		C5ABC3FE2DC84C8200212E7B /* FirebaseAppCheck */ = {
			isa = XCSwiftPackageProductDependency;
			package = C5ABC3FB2DC84C8200212E7B /* XCRemoteSwiftPackageReference "firebase-ios-sdk" */;
			productName = FirebaseAppCheck;
		};
		C5ABC4012DC84C9000212E7B /* FirebaseAuth */ = {
			isa = XCSwiftPackageProductDependency;
			package = C5ABC3FB2DC84C8200212E7B /* XCRemoteSwiftPackageReference "firebase-ios-sdk" */;
			productName = FirebaseAuth;
		};
/* End XCSwiftPackageProductDependency section */
	};
	rootObject = C50494482DC07A1700360A7B /* Project object */;
}
